// !$*UTF8*$!
{
	archiveVersion = 1;
	classes = {
	};
	objectVersion = 46;
	objects = {

/* Begin PBXBuildFile section */
		400A9D4E056815ABC2445637 /* libPods-Tests.a in Frameworks */ = {isa = PBXBuildFile; fileRef = 23D57EA96029A600FD67A552 /* libPods-Tests.a */; };
		4AC909321A63D66F000BE093 /* main.m in Sources */ = {isa = PBXBuildFile; fileRef = 4AC909311A63D66F000BE093 /* main.m */; };
		4AC909351A63D66F000BE093 /* AppDelegate.m in Sources */ = {isa = PBXBuildFile; fileRef = 4AC909341A63D66F000BE093 /* AppDelegate.m */; };
		4AC909381A63D66F000BE093 /* ViewController.m in Sources */ = {isa = PBXBuildFile; fileRef = 4AC909371A63D66F000BE093 /* ViewController.m */; };
		4AC9093B1A63D66F000BE093 /* Main.storyboard in Resources */ = {isa = PBXBuildFile; fileRef = 4AC909391A63D66F000BE093 /* Main.storyboard */; };
		4AC9093D1A63D66F000BE093 /* Images.xcassets in Resources */ = {isa = PBXBuildFile; fileRef = 4AC9093C1A63D66F000BE093 /* Images.xcassets */; };
		4AC909401A63D66F000BE093 /* LaunchScreen.xib in Resources */ = {isa = PBXBuildFile; fileRef = 4AC9093E1A63D66F000BE093 /* LaunchScreen.xib */; };
		4AC9094C1A63D66F000BE093 /* HubListTests.m in Sources */ = {isa = PBXBuildFile; fileRef = 4AC9094B1A63D66F000BE093 /* HubListTests.m */; };
		C5DB9A86842C11AEC293C6A3 /* libPods-HubListTests.a in Frameworks */ = {isa = PBXBuildFile; fileRef = 99694F877D8111CDE383FDAB /* libPods-HubListTests.a */; };
/* End PBXBuildFile section */

/* Begin PBXContainerItemProxy section */
		4AC909461A63D66F000BE093 /* PBXContainerItemProxy */ = {
			isa = PBXContainerItemProxy;
			containerPortal = 4AC909241A63D66F000BE093 /* Project object */;
			proxyType = 1;
			remoteGlobalIDString = 4AC9092B1A63D66F000BE093;
			remoteInfo = HubList;
		};
/* End PBXContainerItemProxy section */

/* Begin PBXFileReference section */
		23D57EA96029A600FD67A552 /* libPods-Tests.a */ = {isa = PBXFileReference; explicitFileType = archive.ar; includeInIndex = 0; path = "libPods-Tests.a"; sourceTree = BUILT_PRODUCTS_DIR; };
		4A2E48EA1A63DE630078DDDC /* Pods-Tests.debug.xcconfig */ = {isa = PBXFileReference; lastKnownFileType = text.xcconfig; name = "Pods-Tests.debug.xcconfig"; path = "Pods/Target Support Files/Pods-Tests/Pods-Tests.debug.xcconfig"; sourceTree = "<group>"; };
		4A2E48EB1A63DE630078DDDC /* Pods-Tests.release.xcconfig */ = {isa = PBXFileReference; lastKnownFileType = text.xcconfig; name = "Pods-Tests.release.xcconfig"; path = "Pods/Target Support Files/Pods-Tests/Pods-Tests.release.xcconfig"; sourceTree = "<group>"; };
		4AC9092C1A63D66F000BE093 /* HubList.app */ = {isa = PBXFileReference; explicitFileType = wrapper.application; includeInIndex = 0; path = HubList.app; sourceTree = BUILT_PRODUCTS_DIR; };
		4AC909301A63D66F000BE093 /* Info.plist */ = {isa = PBXFileReference; lastKnownFileType = text.plist.xml; path = Info.plist; sourceTree = "<group>"; };
		4AC909311A63D66F000BE093 /* main.m */ = {isa = PBXFileReference; lastKnownFileType = sourcecode.c.objc; path = main.m; sourceTree = "<group>"; };
		4AC909331A63D66F000BE093 /* AppDelegate.h */ = {isa = PBXFileReference; lastKnownFileType = sourcecode.c.h; path = AppDelegate.h; sourceTree = "<group>"; };
		4AC909341A63D66F000BE093 /* AppDelegate.m */ = {isa = PBXFileReference; lastKnownFileType = sourcecode.c.objc; path = AppDelegate.m; sourceTree = "<group>"; };
		4AC909361A63D66F000BE093 /* ViewController.h */ = {isa = PBXFileReference; lastKnownFileType = sourcecode.c.h; path = ViewController.h; sourceTree = "<group>"; };
		4AC909371A63D66F000BE093 /* ViewController.m */ = {isa = PBXFileReference; lastKnownFileType = sourcecode.c.objc; path = ViewController.m; sourceTree = "<group>"; };
		4AC9093A1A63D66F000BE093 /* Base */ = {isa = PBXFileReference; lastKnownFileType = file.storyboard; name = Base; path = Base.lproj/Main.storyboard; sourceTree = "<group>"; };
		4AC9093C1A63D66F000BE093 /* Images.xcassets */ = {isa = PBXFileReference; lastKnownFileType = folder.assetcatalog; path = Images.xcassets; sourceTree = "<group>"; };
		4AC9093F1A63D66F000BE093 /* Base */ = {isa = PBXFileReference; lastKnownFileType = file.xib; name = Base; path = Base.lproj/LaunchScreen.xib; sourceTree = "<group>"; };
		4AC909451A63D66F000BE093 /* Tests.xctest */ = {isa = PBXFileReference; explicitFileType = wrapper.cfbundle; includeInIndex = 0; path = Tests.xctest; sourceTree = BUILT_PRODUCTS_DIR; };
		4AC9094A1A63D66F000BE093 /* Info.plist */ = {isa = PBXFileReference; lastKnownFileType = text.plist.xml; path = Info.plist; sourceTree = "<group>"; };
		4AC9094B1A63D66F000BE093 /* HubListTests.m */ = {isa = PBXFileReference; lastKnownFileType = sourcecode.c.objc; path = HubListTests.m; sourceTree = "<group>"; };
		99694F877D8111CDE383FDAB /* libPods-HubListTests.a */ = {isa = PBXFileReference; explicitFileType = archive.ar; includeInIndex = 0; path = "libPods-HubListTests.a"; sourceTree = BUILT_PRODUCTS_DIR; };
/* End PBXFileReference section */

/* Begin PBXFrameworksBuildPhase section */
		4AC909291A63D66F000BE093 /* Frameworks */ = {
			isa = PBXFrameworksBuildPhase;
			buildActionMask = 2147483647;
			files = (
			);
			runOnlyForDeploymentPostprocessing = 0;
		};
		4AC909421A63D66F000BE093 /* Frameworks */ = {
			isa = PBXFrameworksBuildPhase;
			buildActionMask = 2147483647;
			files = (
				C5DB9A86842C11AEC293C6A3 /* libPods-HubListTests.a in Frameworks */,
				400A9D4E056815ABC2445637 /* libPods-Tests.a in Frameworks */,
			);
			runOnlyForDeploymentPostprocessing = 0;
		};
/* End PBXFrameworksBuildPhase section */

/* Begin PBXGroup section */
		23ACA3B1713F560CEC69534D /* Frameworks */ = {
			isa = PBXGroup;
			children = (
				99694F877D8111CDE383FDAB /* libPods-HubListTests.a */,
				23D57EA96029A600FD67A552 /* libPods-Tests.a */,
			);
			name = Frameworks;
			sourceTree = "<group>";
		};
		33196589302249204E3B7722 /* Pods */ = {
			isa = PBXGroup;
			children = (
				4A2E48EA1A63DE630078DDDC /* Pods-Tests.debug.xcconfig */,
				4A2E48EB1A63DE630078DDDC /* Pods-Tests.release.xcconfig */,
			);
			name = Pods;
			sourceTree = "<group>";
		};
		4AC909231A63D66F000BE093 = {
			isa = PBXGroup;
			children = (
				4AC9092E1A63D66F000BE093 /* Source */,
				4AC909481A63D66F000BE093 /* Tests */,
				4AC9092D1A63D66F000BE093 /* Products */,
				33196589302249204E3B7722 /* Pods */,
				23ACA3B1713F560CEC69534D /* Frameworks */,
			);
			sourceTree = "<group>";
		};
		4AC9092D1A63D66F000BE093 /* Products */ = {
			isa = PBXGroup;
			children = (
				4AC9092C1A63D66F000BE093 /* HubList.app */,
				4AC909451A63D66F000BE093 /* Tests.xctest */,
			);
			name = Products;
			sourceTree = "<group>";
		};
		4AC9092E1A63D66F000BE093 /* Source */ = {
			isa = PBXGroup;
			children = (
				4AC909331A63D66F000BE093 /* AppDelegate.h */,
				4AC909341A63D66F000BE093 /* AppDelegate.m */,
				4AC909361A63D66F000BE093 /* ViewController.h */,
				4AC909371A63D66F000BE093 /* ViewController.m */,
				4AC909391A63D66F000BE093 /* Main.storyboard */,
				4AC9093C1A63D66F000BE093 /* Images.xcassets */,
				4AC9093E1A63D66F000BE093 /* LaunchScreen.xib */,
				4AC9092F1A63D66F000BE093 /* Support */,
			);
			path = Source;
			sourceTree = "<group>";
		};
		4AC9092F1A63D66F000BE093 /* Support */ = {
			isa = PBXGroup;
			children = (
				4AC909301A63D66F000BE093 /* Info.plist */,
				4AC909311A63D66F000BE093 /* main.m */,
			);
			path = Support;
			sourceTree = "<group>";
		};
		4AC909481A63D66F000BE093 /* Tests */ = {
			isa = PBXGroup;
			children = (
				4AC9094B1A63D66F000BE093 /* HubListTests.m */,
				4AC909491A63D66F000BE093 /* Support */,
			);
			path = Tests;
			sourceTree = "<group>";
		};
		4AC909491A63D66F000BE093 /* Support */ = {
			isa = PBXGroup;
			children = (
				4AC9094A1A63D66F000BE093 /* Info.plist */,
			);
			path = Support;
			sourceTree = "<group>";
		};
/* End PBXGroup section */

/* Begin PBXNativeTarget section */
		4AC9092B1A63D66F000BE093 /* HubList */ = {
			isa = PBXNativeTarget;
			buildConfigurationList = 4AC9094F1A63D66F000BE093 /* Build configuration list for PBXNativeTarget "HubList" */;
			buildPhases = (
				4AC909281A63D66F000BE093 /* Sources */,
				4AC909291A63D66F000BE093 /* Frameworks */,
				4AC9092A1A63D66F000BE093 /* Resources */,
			);
			buildRules = (
			);
			dependencies = (
			);
			name = HubList;
			productName = HubList;
			productReference = 4AC9092C1A63D66F000BE093 /* HubList.app */;
			productType = "com.apple.product-type.application";
		};
		4AC909441A63D66F000BE093 /* Tests */ = {
			isa = PBXNativeTarget;
			buildConfigurationList = 4AC909521A63D66F000BE093 /* Build configuration list for PBXNativeTarget "Tests" */;
			buildPhases = (
				C4A680E2538FA0C4AE77C71C /* Check Pods Manifest.lock */,
				4AC909411A63D66F000BE093 /* Sources */,
				4AC909421A63D66F000BE093 /* Frameworks */,
				4AC909431A63D66F000BE093 /* Resources */,
				0B9EAD932FBF1BC4EF575F9E /* Copy Pods Resources */,
			);
			buildRules = (
			);
			dependencies = (
				4AC909471A63D66F000BE093 /* PBXTargetDependency */,
			);
			name = Tests;
			productName = HubListTests;
			productReference = 4AC909451A63D66F000BE093 /* Tests.xctest */;
			productType = "com.apple.product-type.bundle.unit-test";
		};
/* End PBXNativeTarget section */

/* Begin PBXProject section */
		4AC909241A63D66F000BE093 /* Project object */ = {
			isa = PBXProject;
			attributes = {
				LastUpgradeCheck = 0620;
				ORGANIZATIONNAME = "Adam Sharp";
				TargetAttributes = {
					4AC9092B1A63D66F000BE093 = {
						CreatedOnToolsVersion = 6.2;
					};
					4AC909441A63D66F000BE093 = {
						CreatedOnToolsVersion = 6.2;
						TestTargetID = 4AC9092B1A63D66F000BE093;
					};
				};
			};
			buildConfigurationList = 4AC909271A63D66F000BE093 /* Build configuration list for PBXProject "HubList" */;
			compatibilityVersion = "Xcode 3.2";
			developmentRegion = English;
			hasScannedForEncodings = 0;
			knownRegions = (
				en,
				Base,
			);
			mainGroup = 4AC909231A63D66F000BE093;
			productRefGroup = 4AC9092D1A63D66F000BE093 /* Products */;
			projectDirPath = "";
			projectRoot = "";
			targets = (
				4AC9092B1A63D66F000BE093 /* HubList */,
				4AC909441A63D66F000BE093 /* Tests */,
			);
		};
/* End PBXProject section */

/* Begin PBXResourcesBuildPhase section */
		4AC9092A1A63D66F000BE093 /* Resources */ = {
			isa = PBXResourcesBuildPhase;
			buildActionMask = 2147483647;
			files = (
				4AC9093B1A63D66F000BE093 /* Main.storyboard in Resources */,
				4AC909401A63D66F000BE093 /* LaunchScreen.xib in Resources */,
				4AC9093D1A63D66F000BE093 /* Images.xcassets in Resources */,
			);
			runOnlyForDeploymentPostprocessing = 0;
		};
		4AC909431A63D66F000BE093 /* Resources */ = {
			isa = PBXResourcesBuildPhase;
			buildActionMask = 2147483647;
			files = (
			);
			runOnlyForDeploymentPostprocessing = 0;
		};
/* End PBXResourcesBuildPhase section */

/* Begin PBXShellScriptBuildPhase section */
		0B9EAD932FBF1BC4EF575F9E /* Copy Pods Resources */ = {
			isa = PBXShellScriptBuildPhase;
			buildActionMask = 2147483647;
			files = (
			);
			inputPaths = (
			);
			name = "Copy Pods Resources";
			outputPaths = (
			);
			runOnlyForDeploymentPostprocessing = 0;
			shellPath = /bin/sh;
			shellScript = "\"${SRCROOT}/Pods/Target Support Files/Pods-Tests/Pods-Tests-resources.sh\"\n";
			showEnvVarsInLog = 0;
		};
		C4A680E2538FA0C4AE77C71C /* Check Pods Manifest.lock */ = {
			isa = PBXShellScriptBuildPhase;
			buildActionMask = 2147483647;
			files = (
			);
			inputPaths = (
			);
			name = "Check Pods Manifest.lock";
			outputPaths = (
			);
			runOnlyForDeploymentPostprocessing = 0;
			shellPath = /bin/sh;
			shellScript = "diff \"${PODS_ROOT}/../Podfile.lock\" \"${PODS_ROOT}/Manifest.lock\" > /dev/null\nif [[ $? != 0 ]] ; then\n    cat << EOM\nerror: The sandbox is not in sync with the Podfile.lock. Run 'pod install' or update your CocoaPods installation.\nEOM\n    exit 1\nfi\n";
			showEnvVarsInLog = 0;
		};
/* End PBXShellScriptBuildPhase section */

/* Begin PBXSourcesBuildPhase section */
		4AC909281A63D66F000BE093 /* Sources */ = {
			isa = PBXSourcesBuildPhase;
			buildActionMask = 2147483647;
			files = (
				4AC909381A63D66F000BE093 /* ViewController.m in Sources */,
				4AC909351A63D66F000BE093 /* AppDelegate.m in Sources */,
				4AC909321A63D66F000BE093 /* main.m in Sources */,
			);
			runOnlyForDeploymentPostprocessing = 0;
		};
		4AC909411A63D66F000BE093 /* Sources */ = {
			isa = PBXSourcesBuildPhase;
			buildActionMask = 2147483647;
			files = (
				4AC9094C1A63D66F000BE093 /* HubListTests.m in Sources */,
			);
			runOnlyForDeploymentPostprocessing = 0;
		};
/* End PBXSourcesBuildPhase section */

/* Begin PBXTargetDependency section */
		4AC909471A63D66F000BE093 /* PBXTargetDependency */ = {
			isa = PBXTargetDependency;
			target = 4AC9092B1A63D66F000BE093 /* HubList */;
			targetProxy = 4AC909461A63D66F000BE093 /* PBXContainerItemProxy */;
		};
/* End PBXTargetDependency section */

/* Begin PBXVariantGroup section */
		4AC909391A63D66F000BE093 /* Main.storyboard */ = {
			isa = PBXVariantGroup;
			children = (
				4AC9093A1A63D66F000BE093 /* Base */,
			);
			name = Main.storyboard;
			sourceTree = "<group>";
		};
		4AC9093E1A63D66F000BE093 /* LaunchScreen.xib */ = {
			isa = PBXVariantGroup;
			children = (
				4AC9093F1A63D66F000BE093 /* Base */,
			);
			name = LaunchScreen.xib;
			sourceTree = "<group>";
		};
/* End PBXVariantGroup section */

/* Begin XCBuildConfiguration section */
		4AC9094D1A63D66F000BE093 /* Debug */ = {
			isa = XCBuildConfiguration;
			buildSettings = {
				ALWAYS_SEARCH_USER_PATHS = NO;
				CLANG_CXX_LANGUAGE_STANDARD = "gnu++0x";
				CLANG_CXX_LIBRARY = "libc++";
				CLANG_ENABLE_MODULES = YES;
				CLANG_ENABLE_OBJC_ARC = YES;
				CLANG_WARN_BOOL_CONVERSION = YES;
				CLANG_WARN_CONSTANT_CONVERSION = YES;
				CLANG_WARN_DIRECT_OBJC_ISA_USAGE = YES_ERROR;
				CLANG_WARN_EMPTY_BODY = YES;
				CLANG_WARN_ENUM_CONVERSION = YES;
				CLANG_WARN_INT_CONVERSION = YES;
				CLANG_WARN_OBJC_ROOT_CLASS = YES_ERROR;
				CLANG_WARN_UNREACHABLE_CODE = YES;
				CLANG_WARN__DUPLICATE_METHOD_MATCH = YES;
				"CODE_SIGN_IDENTITY[sdk=iphoneos*]" = "iPhone Developer";
				COPY_PHASE_STRIP = NO;
				ENABLE_STRICT_OBJC_MSGSEND = YES;
				GCC_C_LANGUAGE_STANDARD = gnu99;
				GCC_DYNAMIC_NO_PIC = NO;
				GCC_OPTIMIZATION_LEVEL = 0;
				GCC_PREPROCESSOR_DEFINITIONS = (
					"DEBUG=1",
					"$(inherited)",
				);
				GCC_SYMBOLS_PRIVATE_EXTERN = NO;
				GCC_WARN_64_TO_32_BIT_CONVERSION = YES;
				GCC_WARN_ABOUT_RETURN_TYPE = YES_ERROR;
				GCC_WARN_UNDECLARED_SELECTOR = YES;
				GCC_WARN_UNINITIALIZED_AUTOS = YES_AGGRESSIVE;
				GCC_WARN_UNUSED_FUNCTION = YES;
				GCC_WARN_UNUSED_VARIABLE = YES;
				IPHONEOS_DEPLOYMENT_TARGET = 8.2;
				MTL_ENABLE_DEBUG_INFO = YES;
				ONLY_ACTIVE_ARCH = YES;
				SDKROOT = iphoneos;
			};
			name = Debug;
		};
		4AC9094E1A63D66F000BE093 /* Release */ = {
			isa = XCBuildConfiguration;
			buildSettings = {
				ALWAYS_SEARCH_USER_PATHS = NO;
				CLANG_CXX_LANGUAGE_STANDARD = "gnu++0x";
				CLANG_CXX_LIBRARY = "libc++";
				CLANG_ENABLE_MODULES = YES;
				CLANG_ENABLE_OBJC_ARC = YES;
				CLANG_WARN_BOOL_CONVERSION = YES;
				CLANG_WARN_CONSTANT_CONVERSION = YES;
				CLANG_WARN_DIRECT_OBJC_ISA_USAGE = YES_ERROR;
				CLANG_WARN_EMPTY_BODY = YES;
				CLANG_WARN_ENUM_CONVERSION = YES;
				CLANG_WARN_INT_CONVERSION = YES;
				CLANG_WARN_OBJC_ROOT_CLASS = YES_ERROR;
				CLANG_WARN_UNREACHABLE_CODE = YES;
				CLANG_WARN__DUPLICATE_METHOD_MATCH = YES;
				"CODE_SIGN_IDENTITY[sdk=iphoneos*]" = "iPhone Developer";
				COPY_PHASE_STRIP = YES;
				ENABLE_NS_ASSERTIONS = NO;
				ENABLE_STRICT_OBJC_MSGSEND = YES;
				GCC_C_LANGUAGE_STANDARD = gnu99;
				GCC_WARN_64_TO_32_BIT_CONVERSION = YES;
				GCC_WARN_ABOUT_RETURN_TYPE = YES_ERROR;
				GCC_WARN_UNDECLARED_SELECTOR = YES;
				GCC_WARN_UNINITIALIZED_AUTOS = YES_AGGRESSIVE;
				GCC_WARN_UNUSED_FUNCTION = YES;
				GCC_WARN_UNUSED_VARIABLE = YES;
				IPHONEOS_DEPLOYMENT_TARGET = 8.2;
				MTL_ENABLE_DEBUG_INFO = NO;
				SDKROOT = iphoneos;
				VALIDATE_PRODUCT = YES;
			};
			name = Release;
		};
		4AC909501A63D66F000BE093 /* Debug */ = {
			isa = XCBuildConfiguration;
			buildSettings = {
				ASSETCATALOG_COMPILER_APPICON_NAME = AppIcon;
				INFOPLIST_FILE = "$(SRCROOT)/Source/Support/Info.plist";
				LD_RUNPATH_SEARCH_PATHS = "$(inherited) @executable_path/Frameworks";
				PRODUCT_NAME = "$(TARGET_NAME)";
			};
			name = Debug;
		};
		4AC909511A63D66F000BE093 /* Release */ = {
			isa = XCBuildConfiguration;
			buildSettings = {
				ASSETCATALOG_COMPILER_APPICON_NAME = AppIcon;
				INFOPLIST_FILE = "$(SRCROOT)/Source/Support/Info.plist";
				LD_RUNPATH_SEARCH_PATHS = "$(inherited) @executable_path/Frameworks";
				PRODUCT_NAME = "$(TARGET_NAME)";
			};
			name = Release;
		};
		4AC909531A63D66F000BE093 /* Debug */ = {
			isa = XCBuildConfiguration;
			baseConfigurationReference = 4A2E48EA1A63DE630078DDDC /* Pods-Tests.debug.xcconfig */;
			buildSettings = {
				BUNDLE_LOADER = "$(TEST_HOST)";
				FRAMEWORK_SEARCH_PATHS = (
					"$(SDKROOT)/Developer/Library/Frameworks",
					"$(inherited)",
				);
				GCC_PREPROCESSOR_DEFINITIONS = (
					"DEBUG=1",
					"$(inherited)",
				);
				INFOPLIST_FILE = Tests/Support/Info.plist;
				LD_RUNPATH_SEARCH_PATHS = "$(inherited) @executable_path/Frameworks @loader_path/Frameworks";
				PRODUCT_NAME = "$(TARGET_NAME)";
				TEST_HOST = "$(BUILT_PRODUCTS_DIR)/HubList.app/HubList";
			};
			name = Debug;
		};
		4AC909541A63D66F000BE093 /* Release */ = {
			isa = XCBuildConfiguration;
			baseConfigurationReference = 4A2E48EB1A63DE630078DDDC /* Pods-Tests.release.xcconfig */;
			buildSettings = {
				BUNDLE_LOADER = "$(TEST_HOST)";
				FRAMEWORK_SEARCH_PATHS = (
					"$(SDKROOT)/Developer/Library/Frameworks",
					"$(inherited)",
				);
				INFOPLIST_FILE = Tests/Support/Info.plist;
				LD_RUNPATH_SEARCH_PATHS = "$(inherited) @executable_path/Frameworks @loader_path/Frameworks";
				PRODUCT_NAME = "$(TARGET_NAME)";
				TEST_HOST = "$(BUILT_PRODUCTS_DIR)/HubList.app/HubList";
			};
			name = Release;
		};
/* End XCBuildConfiguration section */

/* Begin XCConfigurationList section */
		4AC909271A63D66F000BE093 /* Build configuration list for PBXProject "HubList" */ = {
			isa = XCConfigurationList;
			buildConfigurations = (
				4AC9094D1A63D66F000BE093 /* Debug */,
				4AC9094E1A63D66F000BE093 /* Release */,
			);
			defaultConfigurationIsVisible = 0;
			defaultConfigurationName = Release;
		};
		4AC9094F1A63D66F000BE093 /* Build configuration list for PBXNativeTarget "HubList" */ = {
			isa = XCConfigurationList;
			buildConfigurations = (
				4AC909501A63D66F000BE093 /* Debug */,
				4AC909511A63D66F000BE093 /* Release */,
			);
			defaultConfigurationIsVisible = 0;
			defaultConfigurationName = Release;
		};
		4AC909521A63D66F000BE093 /* Build configuration list for PBXNativeTarget "Tests" */ = {
			isa = XCConfigurationList;
			buildConfigurations = (
				4AC909531A63D66F000BE093 /* Debug */,
				4AC909541A63D66F000BE093 /* Release */,
			);
			defaultConfigurationIsVisible = 0;
			defaultConfigurationName = Release;
		};
/* End XCConfigurationList section */
	};
	rootObject = 4AC909241A63D66F000BE093 /* Project object */;
}
